{
  "nodes": {
    "nixpkgs": {
      "locked": {
        "lastModified": 1676895851,
        "narHash": "sha256-xdhBKw2el790G+88tZYpRWlP9VjQC9OLR5Jx84VPe08=",
        "path": "/nix/store/85nmy08mjhplkd3sspxjbik2pvihl1mf-source",
        "rev": "e19f25b587f15871d26442cfa1abe4418a815d7d",
        "type": "path"
      },
      "original": {
        "id": "nixpkgs",
        "type": "indirect"
      }
    },
    "root": {
      "inputs": {
        "nixpkgs": "nixpkgs"
      }
    }
  },
  "root": "root",
  "version": 7
}
